// !$*UTF8*$!
{
	archiveVersion = 1;
	classes = {
	};
	objectVersion = 50;
	objects = {

/* Begin PBXBuildFile section */
		F2939F6F2767B3F9008EEC9C /* AppDelegate.swift in Sources */ = {isa = PBXBuildFile; fileRef = F2939F6E2767B3F9008EEC9C /* AppDelegate.swift */; };
		F2939F712767B3F9008EEC9C /* SceneDelegate.swift in Sources */ = {isa = PBXBuildFile; fileRef = F2939F702767B3F9008EEC9C /* SceneDelegate.swift */; };
		F2939F732767B3F9008EEC9C /* ContentView.swift in Sources */ = {isa = PBXBuildFile; fileRef = F2939F722767B3F9008EEC9C /* ContentView.swift */; };
		F2939F752767B3FA008EEC9C /* Assets.xcassets in Resources */ = {isa = PBXBuildFile; fileRef = F2939F742767B3FA008EEC9C /* Assets.xcassets */; };
		F2939F782767B3FA008EEC9C /* Preview Assets.xcassets in Resources */ = {isa = PBXBuildFile; fileRef = F2939F772767B3FA008EEC9C /* Preview Assets.xcassets */; };
		F2939F7B2767B3FA008EEC9C /* LaunchScreen.storyboard in Resources */ = {isa = PBXBuildFile; fileRef = F2939F792767B3FA008EEC9C /* LaunchScreen.storyboard */; };
		F2939F8727688C38008EEC9C /* extentions.swift in Sources */ = {isa = PBXBuildFile; fileRef = F2939F8627688C38008EEC9C /* extentions.swift */; };
		F2939FD42768BCAE008EEC9C /* TaskDataModel.xcdatamodeld in Sources */ = {isa = PBXBuildFile; fileRef = F2939FD22768BCAE008EEC9C /* TaskDataModel.xcdatamodeld */; };
		F2939FD62768BD06008EEC9C /* CoreDataManager.swift in Sources */ = {isa = PBXBuildFile; fileRef = F2939FD52768BD06008EEC9C /* CoreDataManager.swift */; };
		F2939FDC2769C8F5008EEC9C /* UpdateAlert.swift in Sources */ = {isa = PBXBuildFile; fileRef = F2939FDB2769C8F5008EEC9C /* UpdateAlert.swift */; };
/* End PBXBuildFile section */

/* Begin PBXFileReference section */
		F2939F6B2767B3F9008EEC9C /* Tasks.app */ = {isa = PBXFileReference; explicitFileType = wrapper.application; includeInIndex = 0; path = Tasks.app; sourceTree = BUILT_PRODUCTS_DIR; };
		F2939F6E2767B3F9008EEC9C /* AppDelegate.swift */ = {isa = PBXFileReference; lastKnownFileType = sourcecode.swift; path = AppDelegate.swift; sourceTree = "<group>"; };
		F2939F702767B3F9008EEC9C /* SceneDelegate.swift */ = {isa = PBXFileReference; lastKnownFileType = sourcecode.swift; path = SceneDelegate.swift; sourceTree = "<group>"; };
		F2939F722767B3F9008EEC9C /* ContentView.swift */ = {isa = PBXFileReference; lastKnownFileType = sourcecode.swift; path = ContentView.swift; sourceTree = "<group>"; };
		F2939F742767B3FA008EEC9C /* Assets.xcassets */ = {isa = PBXFileReference; lastKnownFileType = folder.assetcatalog; path = Assets.xcassets; sourceTree = "<group>"; };
		F2939F772767B3FA008EEC9C /* Preview Assets.xcassets */ = {isa = PBXFileReference; lastKnownFileType = folder.assetcatalog; path = "Preview Assets.xcassets"; sourceTree = "<group>"; };
		F2939F7A2767B3FA008EEC9C /* Base */ = {isa = PBXFileReference; lastKnownFileType = file.storyboard; name = Base; path = Base.lproj/LaunchScreen.storyboard; sourceTree = "<group>"; };
		F2939F7C2767B3FA008EEC9C /* Info.plist */ = {isa = PBXFileReference; lastKnownFileType = text.plist.xml; path = Info.plist; sourceTree = "<group>"; };
		F2939F8627688C38008EEC9C /* extentions.swift */ = {isa = PBXFileReference; lastKnownFileType = sourcecode.swift; path = extentions.swift; sourceTree = "<group>"; };
		F2939FD32768BCAE008EEC9C /* TaskDataModel.xcdatamodel */ = {isa = PBXFileReference; lastKnownFileType = wrapper.xcdatamodel; path = TaskDataModel.xcdatamodel; sourceTree = "<group>"; };
		F2939FD52768BD06008EEC9C /* CoreDataManager.swift */ = {isa = PBXFileReference; lastKnownFileType = sourcecode.swift; path = CoreDataManager.swift; sourceTree = "<group>"; };
		F2939FDB2769C8F5008EEC9C /* UpdateAlert.swift */ = {isa = PBXFileReference; lastKnownFileType = sourcecode.swift; path = UpdateAlert.swift; sourceTree = "<group>"; };
/* End PBXFileReference section */

/* Begin PBXFrameworksBuildPhase section */
		F2939F682767B3F9008EEC9C /* Frameworks */ = {
			isa = PBXFrameworksBuildPhase;
			buildActionMask = 2147483647;
			files = (
			);
			runOnlyForDeploymentPostprocessing = 0;
		};
/* End PBXFrameworksBuildPhase section */

/* Begin PBXGroup section */
		F2939F622767B3F9008EEC9C = {
			isa = PBXGroup;
			children = (
				F2939F6D2767B3F9008EEC9C /* Tasks */,
				F2939F6C2767B3F9008EEC9C /* Products */,
			);
			sourceTree = "<group>";
		};
		F2939F6C2767B3F9008EEC9C /* Products */ = {
			isa = PBXGroup;
			children = (
				F2939F6B2767B3F9008EEC9C /* Tasks.app */,
			);
			name = Products;
			sourceTree = "<group>";
		};
		F2939F6D2767B3F9008EEC9C /* Tasks */ = {
			isa = PBXGroup;
			children = (
				F2939F6E2767B3F9008EEC9C /* AppDelegate.swift */,
				F2939F702767B3F9008EEC9C /* SceneDelegate.swift */,
				F2939FD52768BD06008EEC9C /* CoreDataManager.swift */,
				F2939F722767B3F9008EEC9C /* ContentView.swift */,
				F2939F742767B3FA008EEC9C /* Assets.xcassets */,
				F2939F792767B3FA008EEC9C /* LaunchScreen.storyboard */,
				F2939F7C2767B3FA008EEC9C /* Info.plist */,
				F2939F762767B3FA008EEC9C /* Preview Content */,
				F2939F8627688C38008EEC9C /* extentions.swift */,
				F2939FD22768BCAE008EEC9C /* TaskDataModel.xcdatamodeld */,
				F2939FDB2769C8F5008EEC9C /* UpdateAlert.swift */,
			);
			path = Tasks;
			sourceTree = "<group>";
		};
		F2939F762767B3FA008EEC9C /* Preview Content */ = {
			isa = PBXGroup;
			children = (
				F2939F772767B3FA008EEC9C /* Preview Assets.xcassets */,
			);
			path = "Preview Content";
			sourceTree = "<group>";
		};
/* End PBXGroup section */

/* Begin PBXNativeTarget section */
		F2939F6A2767B3F9008EEC9C /* Tasks */ = {
			isa = PBXNativeTarget;
			buildConfigurationList = F2939F7F2767B3FA008EEC9C /* Build configuration list for PBXNativeTarget "Tasks" */;
			buildPhases = (
				F2939F672767B3F9008EEC9C /* Sources */,
				F2939F682767B3F9008EEC9C /* Frameworks */,
				F2939F692767B3F9008EEC9C /* Resources */,
			);
			buildRules = (
			);
			dependencies = (
			);
			name = Tasks;
			productName = Tasks;
			productReference = F2939F6B2767B3F9008EEC9C /* Tasks.app */;
			productType = "com.apple.product-type.application";
		};
/* End PBXNativeTarget section */

/* Begin PBXProject section */
		F2939F632767B3F9008EEC9C /* Project object */ = {
			isa = PBXProject;
			attributes = {
				LastSwiftUpdateCheck = 1170;
				LastUpgradeCheck = 1170;
				ORGANIZATIONNAME = "Programmer Force";
				TargetAttributes = {
					F2939F6A2767B3F9008EEC9C = {
						CreatedOnToolsVersion = 11.7;
					};
				};
			};
			buildConfigurationList = F2939F662767B3F9008EEC9C /* Build configuration list for PBXProject "Tasks" */;
			compatibilityVersion = "Xcode 9.3";
			developmentRegion = en;
			hasScannedForEncodings = 0;
			knownRegions = (
				en,
				Base,
			);
			mainGroup = F2939F622767B3F9008EEC9C;
			productRefGroup = F2939F6C2767B3F9008EEC9C /* Products */;
			projectDirPath = "";
			projectRoot = "";
			targets = (
				F2939F6A2767B3F9008EEC9C /* Tasks */,
			);
		};
/* End PBXProject section */

/* Begin PBXResourcesBuildPhase section */
		F2939F692767B3F9008EEC9C /* Resources */ = {
			isa = PBXResourcesBuildPhase;
			buildActionMask = 2147483647;
			files = (
				F2939F7B2767B3FA008EEC9C /* LaunchScreen.storyboard in Resources */,
				F2939F782767B3FA008EEC9C /* Preview Assets.xcassets in Resources */,
				F2939F752767B3FA008EEC9C /* Assets.xcassets in Resources */,
			);
			runOnlyForDeploymentPostprocessing = 0;
		};
/* End PBXResourcesBuildPhase section */

/* Begin PBXSourcesBuildPhase section */
		F2939F672767B3F9008EEC9C /* Sources */ = {
			isa = PBXSourcesBuildPhase;
			buildActionMask = 2147483647;
			files = (
				F2939FD42768BCAE008EEC9C /* TaskDataModel.xcdatamodeld in Sources */,
				F2939F6F2767B3F9008EEC9C /* AppDelegate.swift in Sources */,
				F2939F8727688C38008EEC9C /* extentions.swift in Sources */,
				F2939F712767B3F9008EEC9C /* SceneDelegate.swift in Sources */,
				F2939FD62768BD06008EEC9C /* CoreDataManager.swift in Sources */,
				F2939F732767B3F9008EEC9C /* ContentView.swift in Sources */,
				F2939FDC2769C8F5008EEC9C /* UpdateAlert.swift in Sources */,
			);
			runOnlyForDeploymentPostprocessing = 0;
		};
/* End PBXSourcesBuildPhase section */

/* Begin PBXVariantGroup section */
		F2939F792767B3FA008EEC9C /* LaunchScreen.storyboard */ = {
			isa = PBXVariantGroup;
			children = (
				F2939F7A2767B3FA008EEC9C /* Base */,
			);
			name = LaunchScreen.storyboard;
			sourceTree = "<group>";
		};
/* End PBXVariantGroup section */

/* Begin XCBuildConfiguration section */
		F2939F7D2767B3FA008EEC9C /* Debug */ = {
			isa = XCBuildConfiguration;
			buildSettings = {
				ALWAYS_SEARCH_USER_PATHS = NO;
				CLANG_ANALYZER_NONNULL = YES;
				CLANG_ANALYZER_NUMBER_OBJECT_CONVERSION = YES_AGGRESSIVE;
				CLANG_CXX_LANGUAGE_STANDARD = "gnu++14";
				CLANG_CXX_LIBRARY = "libc++";
				CLANG_ENABLE_MODULES = YES;
				CLANG_ENABLE_OBJC_ARC = YES;
				CLANG_ENABLE_OBJC_WEAK = YES;
				CLANG_WARN_BLOCK_CAPTURE_AUTORELEASING = YES;
				CLANG_WARN_BOOL_CONVERSION = YES;
				CLANG_WARN_COMMA = YES;
				CLANG_WARN_CONSTANT_CONVERSION = YES;
				CLANG_WARN_DEPRECATED_OBJC_IMPLEMENTATIONS = YES;
				CLANG_WARN_DIRECT_OBJC_ISA_USAGE = YES_ERROR;
				CLANG_WARN_DOCUMENTATION_COMMENTS = YES;
				CLANG_WARN_EMPTY_BODY = YES;
				CLANG_WARN_ENUM_CONVERSION = YES;
				CLANG_WARN_INFINITE_RECURSION = YES;
				CLANG_WARN_INT_CONVERSION = YES;
				CLANG_WARN_NON_LITERAL_NULL_CONVERSION = YES;
				CLANG_WARN_OBJC_IMPLICIT_RETAIN_SELF = YES;
				CLANG_WARN_OBJC_LITERAL_CONVERSION = YES;
				CLANG_WARN_OBJC_ROOT_CLASS = YES_ERROR;
				CLANG_WARN_RANGE_LOOP_ANALYSIS = YES;
				CLANG_WARN_STRICT_PROTOTYPES = YES;
				CLANG_WARN_SUSPICIOUS_MOVE = YES;
				CLANG_WARN_UNGUARDED_AVAILABILITY = YES_AGGRESSIVE;
				CLANG_WARN_UNREACHABLE_CODE = YES;
				CLANG_WARN__DUPLICATE_METHOD_MATCH = YES;
				COPY_PHASE_STRIP = NO;
				DEBUG_INFORMATION_FORMAT = dwarf;
				ENABLE_STRICT_OBJC_MSGSEND = YES;
				ENABLE_TESTABILITY = YES;
				GCC_C_LANGUAGE_STANDARD = gnu11;
				GCC_DYNAMIC_NO_PIC = NO;
				GCC_NO_COMMON_BLOCKS = YES;
				GCC_OPTIMIZATION_LEVEL = 0;
				GCC_PREPROCESSOR_DEFINITIONS = (
					"DEBUG=1",
					"$(inherited)",
				);
				GCC_WARN_64_TO_32_BIT_CONVERSION = YES;
				GCC_WARN_ABOUT_RETURN_TYPE = YES_ERROR;
				GCC_WARN_UNDECLARED_SELECTOR = YES;
				GCC_WARN_UNINITIALIZED_AUTOS = YES_AGGRESSIVE;
				GCC_WARN_UNUSED_FUNCTION = YES;
				GCC_WARN_UNUSED_VARIABLE = YES;
				IPHONEOS_DEPLOYMENT_TARGET = 13.7;
				MTL_ENABLE_DEBUG_INFO = INCLUDE_SOURCE;
				MTL_FAST_MATH = YES;
				ONLY_ACTIVE_ARCH = YES;
				SDKROOT = iphoneos;
				SWIFT_ACTIVE_COMPILATION_CONDITIONS = DEBUG;
				SWIFT_OPTIMIZATION_LEVEL = "-Onone";
			};
			name = Debug;
		};
		F2939F7E2767B3FA008EEC9C /* Release */ = {
			isa = XCBuildConfiguration;
			buildSettings = {
				ALWAYS_SEARCH_USER_PATHS = NO;
				CLANG_ANALYZER_NONNULL = YES;
				CLANG_ANALYZER_NUMBER_OBJECT_CONVERSION = YES_AGGRESSIVE;
				CLANG_CXX_LANGUAGE_STANDARD = "gnu++14";
				CLANG_CXX_LIBRARY = "libc++";
				CLANG_ENABLE_MODULES = YES;
				CLANG_ENABLE_OBJC_ARC = YES;
				CLANG_ENABLE_OBJC_WEAK = YES;
				CLANG_WARN_BLOCK_CAPTURE_AUTORELEASING = YES;
				CLANG_WARN_BOOL_CONVERSION = YES;
				CLANG_WARN_COMMA = YES;
				CLANG_WARN_CONSTANT_CONVERSION = YES;
				CLANG_WARN_DEPRECATED_OBJC_IMPLEMENTATIONS = YES;
				CLANG_WARN_DIRECT_OBJC_ISA_USAGE = YES_ERROR;
				CLANG_WARN_DOCUMENTATION_COMMENTS = YES;
				CLANG_WARN_EMPTY_BODY = YES;
				CLANG_WARN_ENUM_CONVERSION = YES;
				CLANG_WARN_INFINITE_RECURSION = YES;
				CLANG_WARN_INT_CONVERSION = YES;
				CLANG_WARN_NON_LITERAL_NULL_CONVERSION = YES;
				CLANG_WARN_OBJC_IMPLICIT_RETAIN_SELF = YES;
				CLANG_WARN_OBJC_LITERAL_CONVERSION = YES;
				CLANG_WARN_OBJC_ROOT_CLASS = YES_ERROR;
				CLANG_WARN_RANGE_LOOP_ANALYSIS = YES;
				CLANG_WARN_STRICT_PROTOTYPES = YES;
				CLANG_WARN_SUSPICIOUS_MOVE = YES;
				CLANG_WARN_UNGUARDED_AVAILABILITY = YES_AGGRESSIVE;
				CLANG_WARN_UNREACHABLE_CODE = YES;
				CLANG_WARN__DUPLICATE_METHOD_MATCH = YES;
				COPY_PHASE_STRIP = NO;
				DEBUG_INFORMATION_FORMAT = "dwarf-with-dsym";
				ENABLE_NS_ASSERTIONS = NO;
				ENABLE_STRICT_OBJC_MSGSEND = YES;
				GCC_C_LANGUAGE_STANDARD = gnu11;
				GCC_NO_COMMON_BLOCKS = YES;
				GCC_WARN_64_TO_32_BIT_CONVERSION = YES;
				GCC_WARN_ABOUT_RETURN_TYPE = YES_ERROR;
				GCC_WARN_UNDECLARED_SELECTOR = YES;
				GCC_WARN_UNINITIALIZED_AUTOS = YES_AGGRESSIVE;
				GCC_WARN_UNUSED_FUNCTION = YES;
				GCC_WARN_UNUSED_VARIABLE = YES;
				IPHONEOS_DEPLOYMENT_TARGET = 13.7;
				MTL_ENABLE_DEBUG_INFO = NO;
				MTL_FAST_MATH = YES;
				SDKROOT = iphoneos;
				SWIFT_COMPILATION_MODE = wholemodule;
				SWIFT_OPTIMIZATION_LEVEL = "-O";
				VALIDATE_PRODUCT = YES;
			};
			name = Release;
		};
		F2939F802767B3FA008EEC9C /* Debug */ = {
			isa = XCBuildConfiguration;
			buildSettings = {
				ASSETCATALOG_COMPILER_APPICON_NAME = AppIcon;
				CODE_SIGN_STYLE = Automatic;
				DEVELOPMENT_ASSET_PATHS = "\"Tasks/Preview Content\"";
				ENABLE_PREVIEWS = YES;
				INFOPLIST_FILE = Tasks/Info.plist;
				LD_RUNPATH_SEARCH_PATHS = (
					"$(inherited)",
					"@executable_path/Frameworks",
				);
				PRODUCT_BUNDLE_IDENTIFIER = com.pf.Tasks;
				PRODUCT_NAME = "$(TARGET_NAME)";
				SWIFT_VERSION = 5.0;
				TARGETED_DEVICE_FAMILY = "1,2";
			};
			name = Debug;
		};
		F2939F812767B3FA008EEC9C /* Release */ = {
			isa = XCBuildConfiguration;
			buildSettings = {
				ASSETCATALOG_COMPILER_APPICON_NAME = AppIcon;
				CODE_SIGN_STYLE = Automatic;
				DEVELOPMENT_ASSET_PATHS = "\"Tasks/Preview Content\"";
				ENABLE_PREVIEWS = YES;
				INFOPLIST_FILE = Tasks/Info.plist;
				LD_RUNPATH_SEARCH_PATHS = (
					"$(inherited)",
					"@executable_path/Frameworks",
				);
				PRODUCT_BUNDLE_IDENTIFIER = com.pf.Tasks;
				PRODUCT_NAME = "$(TARGET_NAME)";
				SWIFT_VERSION = 5.0;
				TARGETED_DEVICE_FAMILY = "1,2";
			};
			name = Release;
		};
/* End XCBuildConfiguration section */

/* Begin XCConfigurationList section */
		F2939F662767B3F9008EEC9C /* Build configuration list for PBXProject "Tasks" */ = {
			isa = XCConfigurationList;
			buildConfigurations = (
				F2939F7D2767B3FA008EEC9C /* Debug */,
				F2939F7E2767B3FA008EEC9C /* Release */,
			);
			defaultConfigurationIsVisible = 0;
			defaultConfigurationName = Release;
		};
		F2939F7F2767B3FA008EEC9C /* Build configuration list for PBXNativeTarget "Tasks" */ = {
			isa = XCConfigurationList;
			buildConfigurations = (
				F2939F802767B3FA008EEC9C /* Debug */,
				F2939F812767B3FA008EEC9C /* Release */,
			);
			defaultConfigurationIsVisible = 0;
			defaultConfigurationName = Release;
		};
/* End XCConfigurationList section */

/* Begin XCVersionGroup section */
		F2939FD22768BCAE008EEC9C /* TaskDataModel.xcdatamodeld */ = {
			isa = XCVersionGroup;
			children = (
				F2939FD32768BCAE008EEC9C /* TaskDataModel.xcdatamodel */,
			);
			currentVersion = F2939FD32768BCAE008EEC9C /* TaskDataModel.xcdatamodel */;
			path = TaskDataModel.xcdatamodeld;
			sourceTree = "<group>";
			versionGroupType = wrapper.xcdatamodel;
		};
/* End XCVersionGroup section */
	};
	rootObject = F2939F632767B3F9008EEC9C /* Project object */;
}
